(base) strateg@DESKTOP-AD6DMI9:~/ucu-m1-devops-terraform$ terraform init
Initializing the backend...
Initializing provider plugins...
- terraform.io/builtin/terraform is built in to Terraform
- Reusing previous version of hashicorp/google from the dependency lock file
- Using previously-installed hashicorp/google v7.3.0

Terraform has been successfully initialized!

You may now begin working with Terraform. Try running "terraform plan" to see
any changes that are required for your infrastructure. All Terraform commands
should now work.

If you ever set or change modules or backend configuration for Terraform,
rerun this command to reinitialize your working directory. If you forget, other
commands will detect it and remind you to do so if necessary.
(base) strateg@DESKTOP-AD6DMI9:~/ucu-m1-devops-terraform$ terraform plan -out=tfplan
data.terraform_remote_state.foo: Reading...
data.terraform_remote_state.foo: Read complete after 0s

Terraform used the selected providers to generate the following execution plan. Resource actions are indicated with the following symbols:
  + create

Terraform will perform the following actions:

  # google_bigquery_dataset.dataset will be created
  + resource "google_bigquery_dataset" "dataset" {
      + creation_time              = (known after apply)
      + dataset_id                 = "ucu_devops_hw_dataset"
      + default_collation          = (known after apply)
      + delete_contents_on_destroy = false
      + effective_labels           = {
          + "goog-terraform-provisioned" = "true"
        }
      + etag                       = (known after apply)
      + friendly_name              = "Terraform created dataset"
      + id                         = (known after apply)
      + is_case_insensitive        = (known after apply)
      + last_modified_time         = (known after apply)
      + location                   = "EU"
      + max_time_travel_hours      = (known after apply)
      + project                    = "ucu-devops-terraform-472712"
      + self_link                  = (known after apply)
      + storage_billing_model      = (known after apply)
      + terraform_labels           = {
          + "goog-terraform-provisioned" = "true"
        }

      + access (known after apply)
    }

  # google_compute_instance.vm will be created
  + resource "google_compute_instance" "vm" {
      + can_ip_forward          = false
      + cpu_platform            = (known after apply)
      + creation_timestamp      = (known after apply)
      + current_status          = (known after apply)
      + deletion_protection     = false
      + effective_labels        = {
          + "goog-terraform-provisioned" = "true"
        }
      + id                      = (known after apply)
      + instance_id             = (known after apply)
      + label_fingerprint       = (known after apply)
      + machine_type            = "e2-medium"
      + metadata_fingerprint    = (known after apply)
      + metadata_startup_script = <<-EOT
            #!/bin/bash
            apt-get update
            apt-get install -yq nginx
            echo "Hello from Terraform-created VM" > /var/www/html/index.html
            systemctl enable nginx
            systemctl start nginx
        EOT
      + min_cpu_platform        = (known after apply)
      + name                    = "tf-homework-vm"
      + project                 = "ucu-devops-terraform-472712"
      + self_link               = (known after apply)
      + tags                    = [
          + "devops-course",
          + "ssh",
        ]
      + tags_fingerprint        = (known after apply)
      + terraform_labels        = {
          + "goog-terraform-provisioned" = "true"
        }
      + zone                    = "europe-west1-b"

      + boot_disk {
          + auto_delete                = true
          + device_name                = (known after apply)
          + disk_encryption_key_sha256 = (known after apply)
          + guest_os_features          = (known after apply)
          + kms_key_self_link          = (known after apply)
          + mode                       = "READ_WRITE"
          + source                     = (known after apply)

          + initialize_params {
              + architecture           = (known after apply)
              + image                  = "centos-stream-9"
              + labels                 = (known after apply)
              + provisioned_iops       = (known after apply)
              + provisioned_throughput = (known after apply)
              + resource_policies      = (known after apply)
              + size                   = (known after apply)
              + snapshot               = (known after apply)
              + type                   = (known after apply)
            }
        }

      + confidential_instance_config (known after apply)

      + guest_accelerator (known after apply)

      + network_interface {
          + internal_ipv6_prefix_length = (known after apply)
          + ipv6_access_type            = (known after apply)
          + ipv6_address                = (known after apply)
          + name                        = (known after apply)
          + network                     = "default"
          + network_attachment          = (known after apply)
          + network_ip                  = (known after apply)
          + stack_type                  = (known after apply)
          + subnetwork                  = (known after apply)
          + subnetwork_project          = (known after apply)

          + access_config {
              + nat_ip       = (known after apply)
              + network_tier = (known after apply)
            }
        }

      + reservation_affinity (known after apply)

      + scheduling (known after apply)
    }

  # google_storage_bucket.app_bucket will be created
  + resource "google_storage_bucket" "app_bucket" {
      + effective_labels            = {
          + "goog-terraform-provisioned" = "true"
        }
      + force_destroy               = true
      + id                          = (known after apply)
      + location                    = "EUROPE-WEST1"
      + name                        = "ucu-devops-hw-terraform-bucket"
      + project                     = (known after apply)
      + project_number              = (known after apply)
      + public_access_prevention    = (known after apply)
      + rpo                         = (known after apply)
      + self_link                   = (known after apply)
      + storage_class               = "STANDARD"
      + terraform_labels            = {
          + "goog-terraform-provisioned" = "true"
        }
      + time_created                = (known after apply)
      + uniform_bucket_level_access = true
      + updated                     = (known after apply)
      + url                         = (known after apply)

      + soft_delete_policy (known after apply)

      + versioning (known after apply)

      + website (known after apply)
    }

Plan: 3 to add, 0 to change, 0 to destroy.

───────────────────────────────────────────────────────────────────────────────────────────────────────────────────────────────────────────────────────────

Saved the plan to: tfplan

To perform exactly these actions, run the following command to apply:
    terraform apply "tfplan"


(base) strateg@DESKTOP-AD6DMI9:~/ucu-m1-devops-terraform$ terraform apply tfplan
google_bigquery_dataset.dataset: Creating...
google_storage_bucket.app_bucket: Creating...
google_compute_instance.vm: Creating...
google_storage_bucket.app_bucket: Creation complete after 2s [id=ucu-devops-hw-terraform-bucket]
google_bigquery_dataset.dataset: Creation complete after 3s [id=projects/ucu-devops-terraform-472712/datasets/ucu_devops_hw_dataset]

google_compute_instance.vm: Creating...
google_compute_instance.vm: Still creating... [00m10s elapsed]
google_compute_instance.vm: Still creating... [00m20s elapsed]
google_compute_instance.vm: Still creating... [00m30s elapsed]
google_compute_instance.vm: Creation complete after 34s [id=projects/ucu-devops-terraform-472712/zones/europe-west1-b/instances/tf-homework-vm]

(base) strateg@DESKTOP-AD6DMI9:~/ucu-m1-devops-terraform$ terraform destroy -auto-approve
data.terraform_remote_state.foo: Reading...
google_storage_bucket.app_bucket: Refreshing state... [id=ucu-devops-hw-terraform-bucket]
google_bigquery_dataset.dataset: Refreshing state... [id=projects/ucu-devops-terraform-472712/datasets/ucu_devops_hw_dataset]
google_compute_instance.vm: Refreshing state... [id=projects/ucu-devops-terraform-472712/zones/europe-west1-b/instances/tf-homework-vm]
data.terraform_remote_state.foo: Read complete after 1s

Terraform used the selected providers to generate the following execution plan. Resource actions are indicated with the following symbols:
  - destroy

Terraform will perform the following actions:

  # google_bigquery_dataset.dataset will be destroyed
  - resource "google_bigquery_dataset" "dataset" {
      - creation_time                   = 1758373519371 -> null
      - dataset_id                      = "ucu_devops_hw_dataset" -> null
      - default_partition_expiration_ms = 0 -> null
      - default_table_expiration_ms     = 0 -> null
      - delete_contents_on_destroy      = false -> null
      - effective_labels                = {
          - "goog-terraform-provisioned" = "true"
        } -> null
      - etag                            = "8q9kcYXX+QuJvg+ChW8N/A==" -> null
      - friendly_name                   = "Terraform created dataset" -> null
      - id                              = "projects/ucu-devops-terraform-472712/datasets/ucu_devops_hw_dataset" -> null
      - is_case_insensitive             = false -> null
      - labels                          = {} -> null
      - last_modified_time              = 1758373519371 -> null
      - location                        = "EU" -> null
      - max_time_travel_hours           = "168" -> null
      - project                         = "ucu-devops-terraform-472712" -> null
      - resource_tags                   = {} -> null
      - self_link                       = "https://bigquery.googleapis.com/bigquery/v2/projects/ucu-devops-terraform-472712/datasets/ucu_devops_hw_dataset" -> null
      - terraform_labels                = {
          - "goog-terraform-provisioned" = "true"
        } -> null
        # (3 unchanged attributes hidden)

      - access {
          - role           = "OWNER" -> null
          - user_by_email  = "vadym_pakholchuk@knu.ua" -> null
            # (4 unchanged attributes hidden)
        }
      - access {
          - role           = "OWNER" -> null
          - special_group  = "projectOwners" -> null
            # (4 unchanged attributes hidden)
        }
      - access {
          - role           = "READER" -> null
          - special_group  = "projectReaders" -> null
            # (4 unchanged attributes hidden)
        }
      - access {
          - role           = "WRITER" -> null
          - special_group  = "projectWriters" -> null
            # (4 unchanged attributes hidden)
        }
    }

  # google_compute_instance.vm will be destroyed
  - resource "google_compute_instance" "vm" {
      - can_ip_forward             = false -> null
      - cpu_platform               = "Intel Broadwell" -> null
      - creation_timestamp         = "2025-09-20T06:09:01.447-07:00" -> null
      - current_status             = "RUNNING" -> null
      - deletion_protection        = false -> null
      - effective_labels           = {
          - "goog-terraform-provisioned" = "true"
        } -> null
      - enable_display             = false -> null
      - id                         = "projects/ucu-devops-terraform-472712/zones/europe-west1-b/instances/tf-homework-vm" -> null
      - instance_id                = "9113742419863738757" -> null
      - label_fingerprint          = "vezUS-42LLM=" -> null
      - labels                     = {} -> null
      - machine_type               = "e2-medium" -> null
      - metadata                   = {} -> null
      - metadata_fingerprint       = "ScuPYtt_IEw=" -> null
      - metadata_startup_script    = <<-EOT
            #!/bin/bash
            apt-get update
            apt-get install -yq nginx
            echo "Hello from Terraform-created VM" > /var/www/html/index.html
            systemctl enable nginx
            systemctl start nginx
        EOT -> null
      - name                       = "tf-homework-vm" -> null
      - project                    = "ucu-devops-terraform-472712" -> null
      - resource_policies          = [] -> null
      - self_link                  = "https://www.googleapis.com/compute/v1/projects/ucu-devops-terraform-472712/zones/europe-west1-b/instances/tf-homework-vm" -> null
      - tags                       = [
          - "devops-course",
          - "ssh",
        ] -> null
      - tags_fingerprint           = "bPNY2gaTSIc=" -> null
      - terraform_labels           = {
          - "goog-terraform-provisioned" = "true"
        } -> null
      - zone                       = "europe-west1-b" -> null
        # (4 unchanged attributes hidden)

      - boot_disk {
          - auto_delete                     = true -> null
          - device_name                     = "persistent-disk-0" -> null
          - force_attach                    = false -> null
          - guest_os_features               = [
              - "UEFI_COMPATIBLE",
              - "VIRTIO_SCSI_MULTIQUEUE",
              - "SEV_CAPABLE",
              - "SEV_SNP_CAPABLE",
              - "SEV_LIVE_MIGRATABLE",
              - "SEV_LIVE_MIGRATABLE_V2",
              - "GVNIC",
              - "IDPF",
              - "TDX_CAPABLE",
            ] -> null
          - mode                            = "READ_WRITE" -> null
          - source                          = "https://www.googleapis.com/compute/v1/projects/ucu-devops-terraform-472712/zones/europe-west1-b/disks/tf-homework-vm" -> null
            # (6 unchanged attributes hidden)

          - initialize_params {
              - architecture                = "X86_64" -> null
              - enable_confidential_compute = false -> null
              - image                       = "https://www.googleapis.com/compute/v1/projects/centos-cloud/global/images/centos-stream-9-v20250910" -> null
              - labels                      = {} -> null
              - provisioned_iops            = 0 -> null
              - provisioned_throughput      = 0 -> null
              - resource_manager_tags       = {} -> null
              - resource_policies           = [] -> null
              - size                        = 20 -> null
              - type                        = "pd-standard" -> null
                # (2 unchanged attributes hidden)
            }
        }

      - network_interface {
          - internal_ipv6_prefix_length = 0 -> null
          - name                        = "nic0" -> null
          - network                     = "https://www.googleapis.com/compute/v1/projects/ucu-devops-terraform-472712/global/networks/default" -> null
          - network_ip                  = "10.132.0.2" -> null
          - queue_count                 = 0 -> null
          - stack_type                  = "IPV4_ONLY" -> null
          - subnetwork                  = "https://www.googleapis.com/compute/v1/projects/ucu-devops-terraform-472712/regions/europe-west1/subnetworks/default" -> null
          - subnetwork_project          = "ucu-devops-terraform-472712" -> null
            # (4 unchanged attributes hidden)

          - access_config {
              - nat_ip                 = "34.38.91.252" -> null
              - network_tier           = "PREMIUM" -> null
                # (1 unchanged attribute hidden)
            }
        }

      - scheduling {
          - automatic_restart           = true -> null
          - availability_domain         = 0 -> null
          - min_node_cpus               = 0 -> null
          - on_host_maintenance         = "MIGRATE" -> null
          - preemptible                 = false -> null
          - provisioning_model          = "STANDARD" -> null
            # (2 unchanged attributes hidden)
        }

      - shielded_instance_config {
          - enable_integrity_monitoring = true -> null
          - enable_secure_boot          = false -> null
          - enable_vtpm                 = true -> null
        }
    }

  # google_storage_bucket.app_bucket will be destroyed
  - resource "google_storage_bucket" "app_bucket" {
      - default_event_based_hold    = false -> null
      - effective_labels            = {
          - "goog-terraform-provisioned" = "true"
        } -> null
      - enable_object_retention     = false -> null
      - force_destroy               = true -> null
      - id                          = "ucu-devops-hw-terraform-bucket" -> null
      - labels                      = {} -> null
      - location                    = "EUROPE-WEST1" -> null
      - name                        = "ucu-devops-hw-terraform-bucket" -> null
      - project                     = "ucu-devops-terraform-472712" -> null
      - project_number              = 525635005703 -> null
      - public_access_prevention    = "inherited" -> null
      - requester_pays              = false -> null
      - self_link                   = "https://www.googleapis.com/storage/v1/b/ucu-devops-hw-terraform-bucket" -> null
      - storage_class               = "STANDARD" -> null
      - terraform_labels            = {
          - "goog-terraform-provisioned" = "true"
        } -> null
      - time_created                = "2025-09-20T13:05:19.507Z" -> null
      - uniform_bucket_level_access = true -> null
      - updated                     = "2025-09-20T13:05:19.507Z" -> null
      - url                         = "gs://ucu-devops-hw-terraform-bucket" -> null

      - hierarchical_namespace {
          - enabled = false -> null
        }

      - soft_delete_policy {
          - effective_time             = "2025-09-20T13:05:19.507Z" -> null
          - retention_duration_seconds = 604800 -> null
        }
    }

Plan: 0 to add, 0 to change, 3 to destroy.
google_storage_bucket.app_bucket: Destroying... [id=ucu-devops-hw-terraform-bucket]
google_bigquery_dataset.dataset: Destroying... [id=projects/ucu-devops-terraform-472712/datasets/ucu_devops_hw_dataset]
google_compute_instance.vm: Destroying... [id=projects/ucu-devops-terraform-472712/zones/europe-west1-b/instances/tf-homework-vm]
google_bigquery_dataset.dataset: Destruction complete after 1s
google_storage_bucket.app_bucket: Destruction complete after 2s
google_compute_instance.vm: Still destroying... [id=projects/ucu-devops-terraform-472712/zo...urope-west1-b/instances/tf-homework-vm, 00m10s elapsed]
google_compute_instance.vm: Still destroying... [id=projects/ucu-devops-terraform-472712/zo...urope-west1-b/instances/tf-homework-vm, 00m20s elapsed]
google_compute_instance.vm: Destruction complete after 21s

Destroy complete! Resources: 3 destroyed.